// !$*UTF8*$!
{
	archiveVersion = 1;
	classes = {
	};
	objectVersion = 46;
	objects = {

/* Begin PBXBuildFile section */
		184AB5441BFD5B3E006C95FB /* main.m in Sources */ = {isa = PBXBuildFile; fileRef = 184AB5431BFD5B3E006C95FB /* main.m */; };
		184AB5471BFD5B3E006C95FB /* AppDelegate.m in Sources */ = {isa = PBXBuildFile; fileRef = 184AB5461BFD5B3E006C95FB /* AppDelegate.m */; };
		184AB54A1BFD5B3E006C95FB /* ViewController.m in Sources */ = {isa = PBXBuildFile; fileRef = 184AB5491BFD5B3E006C95FB /* ViewController.m */; };
		184AB54D1BFD5B3E006C95FB /* Main.storyboard in Resources */ = {isa = PBXBuildFile; fileRef = 184AB54B1BFD5B3E006C95FB /* Main.storyboard */; };
		184AB54F1BFD5B3E006C95FB /* Assets.xcassets in Resources */ = {isa = PBXBuildFile; fileRef = 184AB54E1BFD5B3E006C95FB /* Assets.xcassets */; };
		184AB5521BFD5B3E006C95FB /* LaunchScreen.storyboard in Resources */ = {isa = PBXBuildFile; fileRef = 184AB5501BFD5B3E006C95FB /* LaunchScreen.storyboard */; };
/* End PBXBuildFile section */

/* Begin PBXFileReference section */
		184AB53F1BFD5B3E006C95FB /* aaaa.app */ = {isa = PBXFileReference; explicitFileType = wrapper.application; includeInIndex = 0; path = aaaa.app; sourceTree = BUILT_PRODUCTS_DIR; };
		184AB5431BFD5B3E006C95FB /* main.m */ = {isa = PBXFileReference; lastKnownFileType = sourcecode.c.objc; path = main.m; sourceTree = "<group>"; };
		184AB5451BFD5B3E006C95FB /* AppDelegate.h */ = {isa = PBXFileReference; lastKnownFileType = sourcecode.c.h; path = AppDelegate.h; sourceTree = "<group>"; };
		184AB5461BFD5B3E006C95FB /* AppDelegate.m */ = {isa = PBXFileReference; lastKnownFileType = sourcecode.c.objc; path = AppDelegate.m; sourceTree = "<group>"; };
		184AB5481BFD5B3E006C95FB /* ViewController.h */ = {isa = PBXFileReference; lastKnownFileType = sourcecode.c.h; path = ViewController.h; sourceTree = "<group>"; };
		184AB5491BFD5B3E006C95FB /* ViewController.m */ = {isa = PBXFileReference; lastKnownFileType = sourcecode.c.objc; path = ViewController.m; sourceTree = "<group>"; };
		184AB54C1BFD5B3E006C95FB /* Base */ = {isa = PBXFileReference; lastKnownFileType = file.storyboard; name = Base; path = Base.lproj/Main.storyboard; sourceTree = "<group>"; };
		184AB54E1BFD5B3E006C95FB /* Assets.xcassets */ = {isa = PBXFileReference; lastKnownFileType = folder.assetcatalog; path = Assets.xcassets; sourceTree = "<group>"; };
		184AB5511BFD5B3E006C95FB /* Base */ = {isa = PBXFileReference; lastKnownFileType = file.storyboard; name = Base; path = Base.lproj/LaunchScreen.storyboard; sourceTree = "<group>"; };
		184AB5531BFD5B3E006C95FB /* Info.plist */ = {isa = PBXFileReference; lastKnownFileType = text.plist.xml; path = Info.plist; sourceTree = "<group>"; };
/* End PBXFileReference section */

/* Begin PBXFrameworksBuildPhase section */
		184AB53C1BFD5B3E006C95FB /* Frameworks */ = {
			isa = PBXFrameworksBuildPhase;
			buildActionMask = 2147483647;
			files = (
			);
			runOnlyForDeploymentPostprocessing = 0;
		};
/* End PBXFrameworksBuildPhase section */

/* Begin PBXGroup section */
		184AB5361BFD5B3E006C95FB = {
			isa = PBXGroup;
			children = (
				184AB5411BFD5B3E006C95FB /* aaaa */,
				184AB5401BFD5B3E006C95FB /* Products */,
			);
			sourceTree = "<group>";
		};
		184AB5401BFD5B3E006C95FB /* Products */ = {
			isa = PBXGroup;
			children = (
				184AB53F1BFD5B3E006C95FB /* aaaa.app */,
			);
			name = Products;
			sourceTree = "<group>";
		};
		184AB5411BFD5B3E006C95FB /* aaaa */ = {
			isa = PBXGroup;
			children = (
				184AB5451BFD5B3E006C95FB /* AppDelegate.h */,
				184AB5461BFD5B3E006C95FB /* AppDelegate.m */,
				184AB5481BFD5B3E006C95FB /* ViewController.h */,
				184AB5491BFD5B3E006C95FB /* ViewController.m */,
				184AB54B1BFD5B3E006C95FB /* Main.storyboard */,
				184AB54E1BFD5B3E006C95FB /* Assets.xcassets */,
				184AB5501BFD5B3E006C95FB /* LaunchScreen.storyboard */,
				184AB5531BFD5B3E006C95FB /* Info.plist */,
				184AB5421BFD5B3E006C95FB /* Supporting Files */,
			);
			path = aaaa;
			sourceTree = "<group>";
		};
		184AB5421BFD5B3E006C95FB /* Supporting Files */ = {
			isa = PBXGroup;
			children = (
				184AB5431BFD5B3E006C95FB /* main.m */,
			);
			name = "Supporting Files";
			sourceTree = "<group>";
		};
/* End PBXGroup section */

/* Begin PBXNativeTarget section */
		184AB53E1BFD5B3E006C95FB /* aaaa */ = {
			isa = PBXNativeTarget;
			buildConfigurationList = 184AB5561BFD5B3E006C95FB /* Build configuration list for PBXNativeTarget "aaaa" */;
			buildPhases = (
				184AB53B1BFD5B3E006C95FB /* Sources */,
				184AB53C1BFD5B3E006C95FB /* Frameworks */,
				184AB53D1BFD5B3E006C95FB /* Resources */,
			);
			buildRules = (
			);
			dependencies = (
			);
			name = aaaa;
			productName = aaaa;
			productReference = 184AB53F1BFD5B3E006C95FB /* aaaa.app */;
			productType = "com.apple.product-type.application";
		};
/* End PBXNativeTarget section */

/* Begin PBXProject section */
		184AB5371BFD5B3E006C95FB /* Project object */ = {
			isa = PBXProject;
			attributes = {
				LastUpgradeCheck = 0710;
				ORGANIZATIONNAME = apple;
				TargetAttributes = {
					184AB53E1BFD5B3E006C95FB = {
						CreatedOnToolsVersion = 7.1;
					};
				};
			};
			buildConfigurationList = 184AB53A1BFD5B3E006C95FB /* Build configuration list for PBXProject "aaaa" */;
			compatibilityVersion = "Xcode 3.2";
			developmentRegion = English;
			hasScannedForEncodings = 0;
			knownRegions = (
				en,
				Base,
			);
			mainGroup = 184AB5361BFD5B3E006C95FB;
			productRefGroup = 184AB5401BFD5B3E006C95FB /* Products */;
			projectDirPath = "";
			projectRoot = "";
			targets = (
				184AB53E1BFD5B3E006C95FB /* aaaa */,
			);
		};
/* End PBXProject section */

/* Begin PBXResourcesBuildPhase section */
		184AB53D1BFD5B3E006C95FB /* Resources */ = {
			isa = PBXResourcesBuildPhase;
			buildActionMask = 2147483647;
			files = (
				184AB5521BFD5B3E006C95FB /* LaunchScreen.storyboard in Resources */,
				184AB54F1BFD5B3E006C95FB /* Assets.xcassets in Resources */,
				184AB54D1BFD5B3E006C95FB /* Main.storyboard in Resources */,
			);
			runOnlyForDeploymentPostprocessing = 0;
		};
/* End PBXResourcesBuildPhase section */

/* Begin PBXSourcesBuildPhase section */
		184AB53B1BFD5B3E006C95FB /* Sources */ = {
			isa = PBXSourcesBuildPhase;
			buildActionMask = 2147483647;
			files = (
				184AB54A1BFD5B3E006C95FB /* ViewController.m in Sources */,
				184AB5471BFD5B3E006C95FB /* AppDelegate.m in Sources */,
				184AB5441BFD5B3E006C95FB /* main.m in Sources */,
			);
			runOnlyForDeploymentPostprocessing = 0;
		};
/* End PBXSourcesBuildPhase section */

/* Begin PBXVariantGroup section */
		184AB54B1BFD5B3E006C95FB /* Main.storyboard */ = {
			isa = PBXVariantGroup;
			children = (
				184AB54C1BFD5B3E006C95FB /* Base */,
			);
			name = Main.storyboard;
			sourceTree = "<group>";
		};
		184AB5501BFD5B3E006C95FB /* LaunchScreen.storyboard */ = {
			isa = PBXVariantGroup;
			children = (
				184AB5511BFD5B3E006C95FB /* Base */,
			);
			name = LaunchScreen.storyboard;
			sourceTree = "<group>";
		};
/* End PBXVariantGroup section */

/* Begin XCBuildConfiguration section */
		184AB5541BFD5B3E006C95FB /* Debug */ = {
			isa = XCBuildConfiguration;
			buildSettings = {
				ALWAYS_SEARCH_USER_PATHS = NO;
				CLANG_CXX_LANGUAGE_STANDARD = "gnu++0x";
				CLANG_CXX_LIBRARY = "libc++";
				CLANG_ENABLE_MODULES = YES;
				CLANG_ENABLE_OBJC_ARC = YES;
				CLANG_WARN_BOOL_CONVERSION = YES;
				CLANG_WARN_CONSTANT_CONVERSION = YES;
				CLANG_WARN_DIRECT_OBJC_ISA_USAGE = YES_ERROR;
				CLANG_WARN_EMPTY_BODY = YES;
				CLANG_WARN_ENUM_CONVERSION = YES;
				CLANG_WARN_INT_CONVERSION = YES;
				CLANG_WARN_OBJC_ROOT_CLASS = YES_ERROR;
				CLANG_WARN_UNREACHABLE_CODE = YES;
				CLANG_WARN__DUPLICATE_METHOD_MATCH = YES;
				"CODE_SIGN_IDENTITY[sdk=iphoneos*]" = "iPhone Developer";
				COPY_PHASE_STRIP = NO;
				DEBUG_INFORMATION_FORMAT = dwarf;
				ENABLE_STRICT_OBJC_MSGSEND = YES;
				ENABLE_TESTABILITY = YES;
				GCC_C_LANGUAGE_STANDARD = gnu99;
				GCC_DYNAMIC_NO_PIC = NO;
				GCC_NO_COMMON_BLOCKS = YES;
				GCC_OPTIMIZATION_LEVEL = 0;
				GCC_PREPROCESSOR_DEFINITIONS = (
					"DEBUG=1",
					"$(inherited)",
				);
				GCC_WARN_64_TO_32_BIT_CONVERSION = YES;
				GCC_WARN_ABOUT_RETURN_TYPE = YES_ERROR;
				GCC_WARN_UNDECLARED_SELECTOR = YES;
				GCC_WARN_UNINITIALIZED_AUTOS = YES_AGGRESSIVE;
				GCC_WARN_UNUSED_FUNCTION = YES;
				GCC_WARN_UNUSED_VARIABLE = YES;
				IPHONEOS_DEPLOYMENT_TARGET = 9.1;
				MTL_ENABLE_DEBUG_INFO = YES;
				ONLY_ACTIVE_ARCH = YES;
				SDKROOT = iphoneos;
				TARGETED_DEVICE_FAMILY = "1,2";
			};
			name = Debug;
		};
		184AB5551BFD5B3E006C95FB /* Release */ = {
			isa = XCBuildConfiguration;
			buildSettings = {
				ALWAYS_SEARCH_USER_PATHS = NO;
				CLANG_CXX_LANGUAGE_STANDARD = "gnu++0x";
				CLANG_CXX_LIBRARY = "libc++";
				CLANG_ENABLE_MODULES = YES;
				CLANG_ENABLE_OBJC_ARC = YES;
				CLANG_WARN_BOOL_CONVERSION = YES;
				CLANG_WARN_CONSTANT_CONVERSION = YES;
				CLANG_WARN_DIRECT_OBJC_ISA_USAGE = YES_ERROR;
				CLANG_WARN_EMPTY_BODY = YES;
				CLANG_WARN_ENUM_CONVERSION = YES;
				CLANG_WARN_INT_CONVERSION = YES;
				CLANG_WARN_OBJC_ROOT_CLASS = YES_ERROR;
				CLANG_WARN_UNREACHABLE_CODE = YES;
				CLANG_WARN__DUPLICATE_METHOD_MATCH = YES;
				"CODE_SIGN_IDENTITY[sdk=iphoneos*]" = "iPhone Developer";
				COPY_PHASE_STRIP = NO;
				DEBUG_INFORMATION_FORMAT = "dwarf-with-dsym";
				ENABLE_NS_ASSERTIONS = NO;
				ENABLE_STRICT_OBJC_MSGSEND = YES;
				GCC_C_LANGUAGE_STANDARD = gnu99;
				GCC_NO_COMMON_BLOCKS = YES;
				GCC_WARN_64_TO_32_BIT_CONVERSION = YES;
				GCC_WARN_ABOUT_RETURN_TYPE = YES_ERROR;
				GCC_WARN_UNDECLARED_SELECTOR = YES;
				GCC_WARN_UNINITIALIZED_AUTOS = YES_AGGRESSIVE;
				GCC_WARN_UNUSED_FUNCTION = YES;
				GCC_WARN_UNUSED_VARIABLE = YES;
				IPHONEOS_DEPLOYMENT_TARGET = 9.1;
				MTL_ENABLE_DEBUG_INFO = NO;
				SDKROOT = iphoneos;
				TARGETED_DEVICE_FAMILY = "1,2";
				VALIDATE_PRODUCT = YES;
			};
			name = Release;
		};
		184AB5571BFD5B3E006C95FB /* Debug */ = {
			isa = XCBuildConfiguration;
			buildSettings = {
				ASSETCATALOG_COMPILER_APPICON_NAME = AppIcon;
				INFOPLIST_FILE = aaaa/Info.plist;
				LD_RUNPATH_SEARCH_PATHS = "$(inherited) @executable_path/Frameworks";
				PRODUCT_BUNDLE_IDENTIFIER = cn.itcast.aaaa;
				PRODUCT_NAME = "$(TARGET_NAME)";
			};
			name = Debug;
		};
		184AB5581BFD5B3E006C95FB /* Release */ = {
			isa = XCBuildConfiguration;
			buildSettings = {
				ASSETCATALOG_COMPILER_APPICON_NAME = AppIcon;
				INFOPLIST_FILE = aaaa/Info.plist;
				LD_RUNPATH_SEARCH_PATHS = "$(inherited) @executable_path/Frameworks";
				PRODUCT_BUNDLE_IDENTIFIER = cn.itcast.aaaa;
				PRODUCT_NAME = "$(TARGET_NAME)";
			};
			name = Release;
		};
/* End XCBuildConfiguration section */

/* Begin XCConfigurationList section */
		184AB53A1BFD5B3E006C95FB /* Build configuration list for PBXProject "aaaa" */ = {
			isa = XCConfigurationList;
			buildConfigurations = (
				184AB5541BFD5B3E006C95FB /* Debug */,
				184AB5551BFD5B3E006C95FB /* Release */,
			);
			defaultConfigurationIsVisible = 0;
			defaultConfigurationName = Release;
		};
		184AB5561BFD5B3E006C95FB /* Build configuration list for PBXNativeTarget "aaaa" */ = {
			isa = XCConfigurationList;
			buildConfigurations = (
				184AB5571BFD5B3E006C95FB /* Debug */,
				184AB5581BFD5B3E006C95FB /* Release */,
			);
			defaultConfigurationIsVisible = 0;
		};
/* End XCConfigurationList section */
	};
	rootObject = 184AB5371BFD5B3E006C95FB /* Project object */;
}
